dependencies:
- name: rocketchat
  repository: https://rocketchat.github.io/helm-charts
  version: 5.4.3
- name: cert-manager
  repository: https://charts.jetstack.io
  version: v1.9.1
- name: ingress-nginx
  repository: https://kubernetes.github.io/ingress-nginx
  version: 4.2.5
- name: encrypted-az-disk
  repository: ""
  version: 0.1.0
- name: external-dns
  repository: ""
  version: 0.1.0
digest: sha256:d1063553d15d5a35a234c75472e3ba9ef62b2fdf6b52118199f4e01fde597782
generated: "2023-04-14T14:44:43.115085024+02:00"
